
Microsoft Visual Studio Solution File, Format Version 12.00
# Visual Studio Version 17
VisualStudioVersion = 17.0.31903.59
MinimumVisualStudioVersion = 10.0.40219.1
Project("{2150E333-8FDC-42A3-9474-1A3956D46DE8}") = "src", "src", "{A8562D58-773A-4868-9144-BE5889B347C8}"
EndProject
Project("{2150E333-8FDC-42A3-9474-1A3956D46DE8}") = "test", "test", "{95E33E16-1898-4A1A-8163-42A68CED2AF5}"
EndProject
Project("{FAE04EC0-301F-11D3-BF4B-00C04F79EFBC}") = "AspireOrchestrator.ServiceDefaults", "src\AspireOrchestrator.ServiceDefaults\AspireOrchestrator.ServiceDefaults.csproj", "{C6C74B68-32A2-44A9-A283-DF052761D44F}"
EndProject
Project("{FAE04EC0-301F-11D3-BF4B-00C04F79EFBC}") = "AspireOrchestrator.AppHost", "src\AspireOrchestrator.AppHost\AspireOrchestrator.AppHost.csproj", "{CEDF174E-A957-4898-84FA-67998134996B}"
EndProject
Project("{FAE04EC0-301F-11D3-BF4B-00C04F79EFBC}") = "AspireOrchestrator.UnitTests", "test\AspireOrchestrator.UnitTests\AspireOrchestrator.UnitTests.csproj", "{8781A185-8595-4421-B878-F3431E35FB5D}"
EndProject
Project("{FAE04EC0-301F-11D3-BF4B-00C04F79EFBC}") = "AspireOrchestrator.Core", "src\AspireOrchestrator.Core\AspireOrchestrator.Core.csproj", "{5954EAC0-1025-4C6F-895C-3ED02710DCCF}"
EndProject
Project("{FAE04EC0-301F-11D3-BF4B-00C04F79EFBC}") = "AspireOrchestrator.Orchestrator", "src\AspireOrchestrator.Orchestrator\AspireOrchestrator.Orchestrator.csproj", "{1296AB31-C187-4906-A638-2456D9F4AA07}"
EndProject
Project("{FAE04EC0-301F-11D3-BF4B-00C04F79EFBC}") = "AspireOrchestrator.DataAccess", "src\AspireOrchestrator.DataAccess\AspireOrchestrator.DataAccess.csproj", "{ED6633D6-36C6-435B-85A0-5F09053EFA4F}"
EndProject
Project("{FAE04EC0-301F-11D3-BF4B-00C04F79EFBC}") = "AspireOrchestrator.PersistenceTests", "test\AspireOrchestrator.PersistenceTests\AspireOrchestrator.PersistenceTests.csproj", "{ADD74876-448F-4839-95DF-C3485512A059}"
EndProject
Project("{FAE04EC0-301F-11D3-BF4B-00C04F79EFBC}") = "AspireOrchestrator.ScenarioTests", "test\AspireOrchestrator.ScenarioTests\AspireOrchestrator.ScenarioTests.csproj", "{F3699751-F22A-4D96-BD5B-B7C107119935}"
EndProject
Project("{FAE04EC0-301F-11D3-BF4B-00C04F79EFBC}") = "AspireOrchestrator.Orchestrator.WebApi", "src\AspireOrchestrator.Orchestrator.WebApi\AspireOrchestrator.Orchestrator.WebApi.csproj", "{085ABA89-4CAC-43CB-9A97-8AA0EE9C2B62}"
EndProject
Project("{FAE04EC0-301F-11D3-BF4B-00C04F79EFBC}") = "AspireOrchestrator.DatabaseMigrations", "src\AspireOrchestrator.DatabaseMigrations\AspireOrchestrator.DatabaseMigrations.csproj", "{1D49F1E7-8237-4ABC-AE23-E0634FFE1C95}"
EndProject
Project("{FAE04EC0-301F-11D3-BF4B-00C04F79EFBC}") = "AspireOrchestrator.MessagingWorker", "src\AspireOrchestrator.MessagingWorker\AspireOrchestrator.MessagingWorker.csproj", "{C26F8165-F876-8468-31CE-61CBCE1272B8}"
EndProject
Project("{FAE04EC0-301F-11D3-BF4B-00C04F79EFBC}") = "AspireOrchestrator.Validation", "src\AspireOrchestrator.Validation\AspireOrchestrator.Validation.csproj", "{01E624E1-A429-4440-9356-4A74CAAF19E3}"
EndProject
Project("{FAE04EC0-301F-11D3-BF4B-00C04F79EFBC}") = "AspireOrchestrator.Domain", "src\AspireOrchestrator.Domain\AspireOrchestrator.Domain.csproj", "{105FC964-4812-4343-8978-EC49A9930AAD}"
EndProject
Project("{FAE04EC0-301F-11D3-BF4B-00C04F79EFBC}") = "AspireOrchestrator.MasterData", "src\AspireOrchestrator.MasterData\AspireOrchestrator.MasterData.csproj", "{6C5C61AF-D9C2-4BEF-AD52-ED9773D2D329}"
EndProject
Project("{FAE04EC0-301F-11D3-BF4B-00C04F79EFBC}") = "AspireOrchestrator.Administration", "src\AspireOrchestrator.Administration\AspireOrchestrator.Administration.csproj", "{7FF7272F-D11B-3891-BE66-D9DE807F7AD8}"
EndProject
Project("{FAE04EC0-301F-11D3-BF4B-00C04F79EFBC}") = "AspireOrchestrator.Parsing", "src\AspireOrchestrator.Parsing\AspireOrchestrator.Parsing.csproj", "{B5E1BF6D-B893-4F72-8777-B0B7E0606A46}"
EndProject
Project("{FAE04EC0-301F-11D3-BF4B-00C04F79EFBC}") = "AspireOrchestrator.Messaging", "src\AspireOrchestrator.Messaging\AspireOrchestrator.Messaging.csproj", "{65815FD6-F393-4B38-9DAA-B3CABBE6B1A5}"
EndProject
Global
	GlobalSection(SolutionConfigurationPlatforms) = preSolution
		Debug|Any CPU = Debug|Any CPU
		Release|Any CPU = Release|Any CPU
	EndGlobalSection
	GlobalSection(ProjectConfigurationPlatforms) = postSolution
		{C6C74B68-32A2-44A9-A283-DF052761D44F}.Debug|Any CPU.ActiveCfg = Debug|Any CPU
		{C6C74B68-32A2-44A9-A283-DF052761D44F}.Debug|Any CPU.Build.0 = Debug|Any CPU
		{C6C74B68-32A2-44A9-A283-DF052761D44F}.Release|Any CPU.ActiveCfg = Release|Any CPU
		{C6C74B68-32A2-44A9-A283-DF052761D44F}.Release|Any CPU.Build.0 = Release|Any CPU
		{CEDF174E-A957-4898-84FA-67998134996B}.Debug|Any CPU.ActiveCfg = Debug|Any CPU
		{CEDF174E-A957-4898-84FA-67998134996B}.Debug|Any CPU.Build.0 = Debug|Any CPU
		{CEDF174E-A957-4898-84FA-67998134996B}.Release|Any CPU.ActiveCfg = Release|Any CPU
		{CEDF174E-A957-4898-84FA-67998134996B}.Release|Any CPU.Build.0 = Release|Any CPU
		{8781A185-8595-4421-B878-F3431E35FB5D}.Debug|Any CPU.ActiveCfg = Debug|Any CPU
		{8781A185-8595-4421-B878-F3431E35FB5D}.Debug|Any CPU.Build.0 = Debug|Any CPU
		{8781A185-8595-4421-B878-F3431E35FB5D}.Release|Any CPU.ActiveCfg = Release|Any CPU
		{8781A185-8595-4421-B878-F3431E35FB5D}.Release|Any CPU.Build.0 = Release|Any CPU
		{5954EAC0-1025-4C6F-895C-3ED02710DCCF}.Debug|Any CPU.ActiveCfg = Debug|Any CPU
		{5954EAC0-1025-4C6F-895C-3ED02710DCCF}.Debug|Any CPU.Build.0 = Debug|Any CPU
		{5954EAC0-1025-4C6F-895C-3ED02710DCCF}.Release|Any CPU.ActiveCfg = Release|Any CPU
		{5954EAC0-1025-4C6F-895C-3ED02710DCCF}.Release|Any CPU.Build.0 = Release|Any CPU
		{1296AB31-C187-4906-A638-2456D9F4AA07}.Debug|Any CPU.ActiveCfg = Debug|Any CPU
		{1296AB31-C187-4906-A638-2456D9F4AA07}.Debug|Any CPU.Build.0 = Debug|Any CPU
		{1296AB31-C187-4906-A638-2456D9F4AA07}.Release|Any CPU.ActiveCfg = Release|Any CPU
		{1296AB31-C187-4906-A638-2456D9F4AA07}.Release|Any CPU.Build.0 = Release|Any CPU
		{ED6633D6-36C6-435B-85A0-5F09053EFA4F}.Debug|Any CPU.ActiveCfg = Debug|Any CPU
		{ED6633D6-36C6-435B-85A0-5F09053EFA4F}.Debug|Any CPU.Build.0 = Debug|Any CPU
		{ED6633D6-36C6-435B-85A0-5F09053EFA4F}.Release|Any CPU.ActiveCfg = Release|Any CPU
		{ED6633D6-36C6-435B-85A0-5F09053EFA4F}.Release|Any CPU.Build.0 = Release|Any CPU
		{ADD74876-448F-4839-95DF-C3485512A059}.Debug|Any CPU.ActiveCfg = Debug|Any CPU
		{ADD74876-448F-4839-95DF-C3485512A059}.Debug|Any CPU.Build.0 = Debug|Any CPU
		{ADD74876-448F-4839-95DF-C3485512A059}.Release|Any CPU.ActiveCfg = Release|Any CPU
		{ADD74876-448F-4839-95DF-C3485512A059}.Release|Any CPU.Build.0 = Release|Any CPU
		{F3699751-F22A-4D96-BD5B-B7C107119935}.Debug|Any CPU.ActiveCfg = Debug|Any CPU
		{F3699751-F22A-4D96-BD5B-B7C107119935}.Debug|Any CPU.Build.0 = Debug|Any CPU
		{F3699751-F22A-4D96-BD5B-B7C107119935}.Release|Any CPU.ActiveCfg = Release|Any CPU
		{F3699751-F22A-4D96-BD5B-B7C107119935}.Release|Any CPU.Build.0 = Release|Any CPU
		{085ABA89-4CAC-43CB-9A97-8AA0EE9C2B62}.Debug|Any CPU.ActiveCfg = Debug|Any CPU
		{085ABA89-4CAC-43CB-9A97-8AA0EE9C2B62}.Debug|Any CPU.Build.0 = Debug|Any CPU
		{085ABA89-4CAC-43CB-9A97-8AA0EE9C2B62}.Release|Any CPU.ActiveCfg = Release|Any CPU
		{085ABA89-4CAC-43CB-9A97-8AA0EE9C2B62}.Release|Any CPU.Build.0 = Release|Any CPU
		{1D49F1E7-8237-4ABC-AE23-E0634FFE1C95}.Debug|Any CPU.ActiveCfg = Debug|Any CPU
		{1D49F1E7-8237-4ABC-AE23-E0634FFE1C95}.Debug|Any CPU.Build.0 = Debug|Any CPU
		{1D49F1E7-8237-4ABC-AE23-E0634FFE1C95}.Release|Any CPU.ActiveCfg = Release|Any CPU
		{1D49F1E7-8237-4ABC-AE23-E0634FFE1C95}.Release|Any CPU.Build.0 = Release|Any CPU
		{C26F8165-F876-8468-31CE-61CBCE1272B8}.Debug|Any CPU.ActiveCfg = Debug|Any CPU
		{C26F8165-F876-8468-31CE-61CBCE1272B8}.Debug|Any CPU.Build.0 = Debug|Any CPU
		{C26F8165-F876-8468-31CE-61CBCE1272B8}.Release|Any CPU.ActiveCfg = Release|Any CPU
		{C26F8165-F876-8468-31CE-61CBCE1272B8}.Release|Any CPU.Build.0 = Release|Any CPU
		{01E624E1-A429-4440-9356-4A74CAAF19E3}.Debug|Any CPU.ActiveCfg = Debug|Any CPU
		{01E624E1-A429-4440-9356-4A74CAAF19E3}.Debug|Any CPU.Build.0 = Debug|Any CPU
		{01E624E1-A429-4440-9356-4A74CAAF19E3}.Release|Any CPU.ActiveCfg = Release|Any CPU
		{01E624E1-A429-4440-9356-4A74CAAF19E3}.Release|Any CPU.Build.0 = Release|Any CPU
		{105FC964-4812-4343-8978-EC49A9930AAD}.Debug|Any CPU.ActiveCfg = Debug|Any CPU
		{105FC964-4812-4343-8978-EC49A9930AAD}.Debug|Any CPU.Build.0 = Debug|Any CPU
		{105FC964-4812-4343-8978-EC49A9930AAD}.Release|Any CPU.ActiveCfg = Release|Any CPU
		{105FC964-4812-4343-8978-EC49A9930AAD}.Release|Any CPU.Build.0 = Release|Any CPU
		{6C5C61AF-D9C2-4BEF-AD52-ED9773D2D329}.Debug|Any CPU.ActiveCfg = Debug|Any CPU
		{6C5C61AF-D9C2-4BEF-AD52-ED9773D2D329}.Debug|Any CPU.Build.0 = Debug|Any CPU
		{6C5C61AF-D9C2-4BEF-AD52-ED9773D2D329}.Release|Any CPU.ActiveCfg = Release|Any CPU
		{6C5C61AF-D9C2-4BEF-AD52-ED9773D2D329}.Release|Any CPU.Build.0 = Release|Any CPU
		{7FF7272F-D11B-3891-BE66-D9DE807F7AD8}.Debug|Any CPU.ActiveCfg = Debug|Any CPU
		{7FF7272F-D11B-3891-BE66-D9DE807F7AD8}.Debug|Any CPU.Build.0 = Debug|Any CPU
		{7FF7272F-D11B-3891-BE66-D9DE807F7AD8}.Release|Any CPU.ActiveCfg = Release|Any CPU
		{7FF7272F-D11B-3891-BE66-D9DE807F7AD8}.Release|Any CPU.Build.0 = Release|Any CPU
		{B5E1BF6D-B893-4F72-8777-B0B7E0606A46}.Debug|Any CPU.ActiveCfg = Debug|Any CPU
		{B5E1BF6D-B893-4F72-8777-B0B7E0606A46}.Debug|Any CPU.Build.0 = Debug|Any CPU
		{B5E1BF6D-B893-4F72-8777-B0B7E0606A46}.Release|Any CPU.ActiveCfg = Release|Any CPU
		{B5E1BF6D-B893-4F72-8777-B0B7E0606A46}.Release|Any CPU.Build.0 = Release|Any CPU
		{65815FD6-F393-4B38-9DAA-B3CABBE6B1A5}.Debug|Any CPU.ActiveCfg = Debug|Any CPU
		{65815FD6-F393-4B38-9DAA-B3CABBE6B1A5}.Debug|Any CPU.Build.0 = Debug|Any CPU
		{65815FD6-F393-4B38-9DAA-B3CABBE6B1A5}.Release|Any CPU.ActiveCfg = Release|Any CPU
		{65815FD6-F393-4B38-9DAA-B3CABBE6B1A5}.Release|Any CPU.Build.0 = Release|Any CPU
	EndGlobalSection
	GlobalSection(SolutionProperties) = preSolution
		HideSolutionNode = FALSE
	EndGlobalSection
	GlobalSection(NestedProjects) = preSolution
		{C6C74B68-32A2-44A9-A283-DF052761D44F} = {A8562D58-773A-4868-9144-BE5889B347C8}
		{CEDF174E-A957-4898-84FA-67998134996B} = {A8562D58-773A-4868-9144-BE5889B347C8}
		{8781A185-8595-4421-B878-F3431E35FB5D} = {95E33E16-1898-4A1A-8163-42A68CED2AF5}
		{5954EAC0-1025-4C6F-895C-3ED02710DCCF} = {A8562D58-773A-4868-9144-BE5889B347C8}
		{1296AB31-C187-4906-A638-2456D9F4AA07} = {A8562D58-773A-4868-9144-BE5889B347C8}
		{ED6633D6-36C6-435B-85A0-5F09053EFA4F} = {A8562D58-773A-4868-9144-BE5889B347C8}
		{ADD74876-448F-4839-95DF-C3485512A059} = {95E33E16-1898-4A1A-8163-42A68CED2AF5}
		{F3699751-F22A-4D96-BD5B-B7C107119935} = {95E33E16-1898-4A1A-8163-42A68CED2AF5}
		{085ABA89-4CAC-43CB-9A97-8AA0EE9C2B62} = {A8562D58-773A-4868-9144-BE5889B347C8}
		{1D49F1E7-8237-4ABC-AE23-E0634FFE1C95} = {A8562D58-773A-4868-9144-BE5889B347C8}
		{C26F8165-F876-8468-31CE-61CBCE1272B8} = {A8562D58-773A-4868-9144-BE5889B347C8}
		{01E624E1-A429-4440-9356-4A74CAAF19E3} = {A8562D58-773A-4868-9144-BE5889B347C8}
		{105FC964-4812-4343-8978-EC49A9930AAD} = {A8562D58-773A-4868-9144-BE5889B347C8}
		{6C5C61AF-D9C2-4BEF-AD52-ED9773D2D329} = {A8562D58-773A-4868-9144-BE5889B347C8}
		{7FF7272F-D11B-3891-BE66-D9DE807F7AD8} = {A8562D58-773A-4868-9144-BE5889B347C8}
		{B5E1BF6D-B893-4F72-8777-B0B7E0606A46} = {A8562D58-773A-4868-9144-BE5889B347C8}
		{65815FD6-F393-4B38-9DAA-B3CABBE6B1A5} = {A8562D58-773A-4868-9144-BE5889B347C8}
	EndGlobalSection
	GlobalSection(ExtensibilityGlobals) = postSolution
		SolutionGuid = {C21DF330-5DC3-4524-BFE0-15B1E4EB83EC}
	EndGlobalSection
EndGlobal
